
Microsoft Visual Studio Solution File, Format Version 12.00
# Visual Studio Version 17
VisualStudioVersion = 17.2.32526.322
MinimumVisualStudioVersion = 10.0.40219.1
Project("{FAE04EC0-301F-11D3-BF4B-00C04F79EFBC}") = "01. Student Information", "01. Student Information\01. Student Information.csproj", "{CF22107C-96F4-4220-AAF8-7E4681CC93C5}"
EndProject
Project("{FAE04EC0-301F-11D3-BF4B-00C04F79EFBC}") = "02. Passed", "02. Passed\02. Passed.csproj", "{19454FAC-5E47-46BA-829C-B1E53E0766A8}"
EndProject
Project("{FAE04EC0-301F-11D3-BF4B-00C04F79EFBC}") = "03. Passed or Failed", "03. Passed or Failed\03. Passed or Failed.csproj", "{ABCDE983-9FEE-4433-8BD6-8AE05A9126DC}"
EndProject
Project("{FAE04EC0-301F-11D3-BF4B-00C04F79EFBC}") = "04. Back In 30 Minutes", "04. Back In 30 Minutes\04. Back In 30 Minutes.csproj", "{79CFD0A6-B0EC-4A79-B29A-B0C88BB4BFA7}"
EndProject
Project("{FAE04EC0-301F-11D3-BF4B-00C04F79EFBC}") = "05. Month Printer", "05. Month Printer\05. Month Printer.csproj", "{3AC8D9CE-1237-4FD9-B8D7-399E7CF88D48}"
EndProject
Global
	GlobalSection(SolutionConfigurationPlatforms) = preSolution
		Debug|Any CPU = Debug|Any CPU
		Release|Any CPU = Release|Any CPU
	EndGlobalSection
	GlobalSection(ProjectConfigurationPlatforms) = postSolution
		{CF22107C-96F4-4220-AAF8-7E4681CC93C5}.Debug|Any CPU.ActiveCfg = Debug|Any CPU
		{CF22107C-96F4-4220-AAF8-7E4681CC93C5}.Debug|Any CPU.Build.0 = Debug|Any CPU
		{CF22107C-96F4-4220-AAF8-7E4681CC93C5}.Release|Any CPU.ActiveCfg = Release|Any CPU
		{CF22107C-96F4-4220-AAF8-7E4681CC93C5}.Release|Any CPU.Build.0 = Release|Any CPU
		{19454FAC-5E47-46BA-829C-B1E53E0766A8}.Debug|Any CPU.ActiveCfg = Debug|Any CPU
		{19454FAC-5E47-46BA-829C-B1E53E0766A8}.Debug|Any CPU.Build.0 = Debug|Any CPU
		{19454FAC-5E47-46BA-829C-B1E53E0766A8}.Release|Any CPU.ActiveCfg = Release|Any CPU
		{19454FAC-5E47-46BA-829C-B1E53E0766A8}.Release|Any CPU.Build.0 = Release|Any CPU
		{ABCDE983-9FEE-4433-8BD6-8AE05A9126DC}.Debug|Any CPU.ActiveCfg = Debug|Any CPU
		{ABCDE983-9FEE-4433-8BD6-8AE05A9126DC}.Debug|Any CPU.Build.0 = Debug|Any CPU
		{ABCDE983-9FEE-4433-8BD6-8AE05A9126DC}.Release|Any CPU.ActiveCfg = Release|Any CPU
		{ABCDE983-9FEE-4433-8BD6-8AE05A9126DC}.Release|Any CPU.Build.0 = Release|Any CPU
		{79CFD0A6-B0EC-4A79-B29A-B0C88BB4BFA7}.Debug|Any CPU.ActiveCfg = Debug|Any CPU
		{79CFD0A6-B0EC-4A79-B29A-B0C88BB4BFA7}.Debug|Any CPU.Build.0 = Debug|Any CPU
		{79CFD0A6-B0EC-4A79-B29A-B0C88BB4BFA7}.Release|Any CPU.ActiveCfg = Release|Any CPU
		{79CFD0A6-B0EC-4A79-B29A-B0C88BB4BFA7}.Release|Any CPU.Build.0 = Release|Any CPU
		{3AC8D9CE-1237-4FD9-B8D7-399E7CF88D48}.Debug|Any CPU.ActiveCfg = Debug|Any CPU
		{3AC8D9CE-1237-4FD9-B8D7-399E7CF88D48}.Debug|Any CPU.Build.0 = Debug|Any CPU
		{3AC8D9CE-1237-4FD9-B8D7-399E7CF88D48}.Release|Any CPU.ActiveCfg = Release|Any CPU
		{3AC8D9CE-1237-4FD9-B8D7-399E7CF88D48}.Release|Any CPU.Build.0 = Release|Any CPU
	EndGlobalSection
	GlobalSection(SolutionProperties) = preSolution
		HideSolutionNode = FALSE
	EndGlobalSection
	GlobalSection(ExtensibilityGlobals) = postSolution
		SolutionGuid = {5166E3EB-B639-4A43-B7E5-1BE572EEEF65}
	EndGlobalSection
EndGlobal
